// !$*UTF8*$!
{
	archiveVersion = 1;
	classes = {
	};
	objectVersion = 46;
	objects = {

/* Begin PBXBuildFile section */
		757E7C55183E08BE008A6AC1 /* TodaysPollCell.m in Sources */ = {isa = PBXBuildFile; fileRef = 757E7C54183E08BE008A6AC1 /* TodaysPollCell.m */; };
		757E7C58183E148A008A6AC1 /* OldPollCell.m in Sources */ = {isa = PBXBuildFile; fileRef = 757E7C57183E148A008A6AC1 /* OldPollCell.m */; };
		757E7C5B183E16BF008A6AC1 /* FuturePollCell.m in Sources */ = {isa = PBXBuildFile; fileRef = 757E7C5A183E16BF008A6AC1 /* FuturePollCell.m */; };
		757E7C5E183E1A45008A6AC1 /* SLPanningTableView.m in Sources */ = {isa = PBXBuildFile; fileRef = 757E7C5D183E1A45008A6AC1 /* SLPanningTableView.m */; };
		757E7C61183E1E78008A6AC1 /* TodaysPollSlidingAnswerTableCell.m in Sources */ = {isa = PBXBuildFile; fileRef = 757E7C60183E1E78008A6AC1 /* TodaysPollSlidingAnswerTableCell.m */; };
		757E7C64183E38C9008A6AC1 /* DataHandler.m in Sources */ = {isa = PBXBuildFile; fileRef = 757E7C63183E38C9008A6AC1 /* DataHandler.m */; };
		757E7C68183E3B5C008A6AC1 /* Poll.m in Sources */ = {isa = PBXBuildFile; fileRef = 757E7C67183E3B5C008A6AC1 /* Poll.m */; };
		757E7C6B183E3B63008A6AC1 /* Answer.m in Sources */ = {isa = PBXBuildFile; fileRef = 757E7C6A183E3B63008A6AC1 /* Answer.m */; };
		757E7C6F183E4406008A6AC1 /* TodaysPollQuesitonTableCell.m in Sources */ = {isa = PBXBuildFile; fileRef = 757E7C6E183E4406008A6AC1 /* TodaysPollQuesitonTableCell.m */; };
		757E7C75183E6B9B008A6AC1 /* OldPollQuesitonTableCell.m in Sources */ = {isa = PBXBuildFile; fileRef = 757E7C74183E6B9B008A6AC1 /* OldPollQuesitonTableCell.m */; };
		757E7C78183E6BD0008A6AC1 /* OldPollSlidingAnswerTableCell.m in Sources */ = {isa = PBXBuildFile; fileRef = 757E7C77183E6BD0008A6AC1 /* OldPollSlidingAnswerTableCell.m */; };
		758DDE17183EA55500A277CA /* FuturePollTableCell.m in Sources */ = {isa = PBXBuildFile; fileRef = 758DDE16183EA55500A277CA /* FuturePollTableCell.m */; };
		75AFE278183E050C00EF1506 /* Foundation.framework in Frameworks */ = {isa = PBXBuildFile; fileRef = 75AFE277183E050C00EF1506 /* Foundation.framework */; };
		75AFE27A183E050C00EF1506 /* CoreGraphics.framework in Frameworks */ = {isa = PBXBuildFile; fileRef = 75AFE279183E050C00EF1506 /* CoreGraphics.framework */; };
		75AFE27C183E050C00EF1506 /* UIKit.framework in Frameworks */ = {isa = PBXBuildFile; fileRef = 75AFE27B183E050C00EF1506 /* UIKit.framework */; };
		75AFE282183E050C00EF1506 /* InfoPlist.strings in Resources */ = {isa = PBXBuildFile; fileRef = 75AFE280183E050C00EF1506 /* InfoPlist.strings */; };
		75AFE284183E050C00EF1506 /* main.m in Sources */ = {isa = PBXBuildFile; fileRef = 75AFE283183E050C00EF1506 /* main.m */; };
		75AFE288183E050C00EF1506 /* AppDelegate.m in Sources */ = {isa = PBXBuildFile; fileRef = 75AFE287183E050C00EF1506 /* AppDelegate.m */; };
		75AFE28B183E050C00EF1506 /* Main.storyboard in Resources */ = {isa = PBXBuildFile; fileRef = 75AFE289183E050C00EF1506 /* Main.storyboard */; };
		75AFE28E183E050C00EF1506 /* PollightViewController.m in Sources */ = {isa = PBXBuildFile; fileRef = 75AFE28D183E050C00EF1506 /* PollightViewController.m */; };
		75AFE290183E050C00EF1506 /* Images.xcassets in Resources */ = {isa = PBXBuildFile; fileRef = 75AFE28F183E050C00EF1506 /* Images.xcassets */; };
		75AFE297183E050C00EF1506 /* XCTest.framework in Frameworks */ = {isa = PBXBuildFile; fileRef = 75AFE296183E050C00EF1506 /* XCTest.framework */; };
		75AFE298183E050C00EF1506 /* Foundation.framework in Frameworks */ = {isa = PBXBuildFile; fileRef = 75AFE277183E050C00EF1506 /* Foundation.framework */; };
		75AFE299183E050C00EF1506 /* UIKit.framework in Frameworks */ = {isa = PBXBuildFile; fileRef = 75AFE27B183E050C00EF1506 /* UIKit.framework */; };
		75AFE2A1183E050C00EF1506 /* InfoPlist.strings in Resources */ = {isa = PBXBuildFile; fileRef = 75AFE29F183E050C00EF1506 /* InfoPlist.strings */; };
		75AFE2A3183E050C00EF1506 /* PollightTests.m in Sources */ = {isa = PBXBuildFile; fileRef = 75AFE2A2183E050C00EF1506 /* PollightTests.m */; };
/* End PBXBuildFile section */

/* Begin PBXContainerItemProxy section */
		75AFE29A183E050C00EF1506 /* PBXContainerItemProxy */ = {
			isa = PBXContainerItemProxy;
			containerPortal = 75AFE26C183E050C00EF1506 /* Project object */;
			proxyType = 1;
			remoteGlobalIDString = 75AFE273183E050C00EF1506;
			remoteInfo = Pollight;
		};
/* End PBXContainerItemProxy section */

/* Begin PBXFileReference section */
		757E7C53183E08BE008A6AC1 /* TodaysPollCell.h */ = {isa = PBXFileReference; fileEncoding = 4; lastKnownFileType = sourcecode.c.h; path = TodaysPollCell.h; sourceTree = "<group>"; };
		757E7C54183E08BE008A6AC1 /* TodaysPollCell.m */ = {isa = PBXFileReference; fileEncoding = 4; lastKnownFileType = sourcecode.c.objc; path = TodaysPollCell.m; sourceTree = "<group>"; };
		757E7C56183E148A008A6AC1 /* OldPollCell.h */ = {isa = PBXFileReference; fileEncoding = 4; lastKnownFileType = sourcecode.c.h; path = OldPollCell.h; sourceTree = "<group>"; };
		757E7C57183E148A008A6AC1 /* OldPollCell.m */ = {isa = PBXFileReference; fileEncoding = 4; lastKnownFileType = sourcecode.c.objc; path = OldPollCell.m; sourceTree = "<group>"; };
		757E7C59183E16BF008A6AC1 /* FuturePollCell.h */ = {isa = PBXFileReference; fileEncoding = 4; lastKnownFileType = sourcecode.c.h; path = FuturePollCell.h; sourceTree = "<group>"; };
		757E7C5A183E16BF008A6AC1 /* FuturePollCell.m */ = {isa = PBXFileReference; fileEncoding = 4; lastKnownFileType = sourcecode.c.objc; path = FuturePollCell.m; sourceTree = "<group>"; };
		757E7C5C183E1A45008A6AC1 /* SLPanningTableView.h */ = {isa = PBXFileReference; fileEncoding = 4; lastKnownFileType = sourcecode.c.h; path = SLPanningTableView.h; sourceTree = "<group>"; };
		757E7C5D183E1A45008A6AC1 /* SLPanningTableView.m */ = {isa = PBXFileReference; fileEncoding = 4; lastKnownFileType = sourcecode.c.objc; path = SLPanningTableView.m; sourceTree = "<group>"; };
		757E7C5F183E1E78008A6AC1 /* TodaysPollSlidingAnswerTableCell.h */ = {isa = PBXFileReference; fileEncoding = 4; lastKnownFileType = sourcecode.c.h; path = TodaysPollSlidingAnswerTableCell.h; sourceTree = "<group>"; };
		757E7C60183E1E78008A6AC1 /* TodaysPollSlidingAnswerTableCell.m */ = {isa = PBXFileReference; fileEncoding = 4; lastKnownFileType = sourcecode.c.objc; path = TodaysPollSlidingAnswerTableCell.m; sourceTree = "<group>"; };
		757E7C62183E38C9008A6AC1 /* DataHandler.h */ = {isa = PBXFileReference; fileEncoding = 4; lastKnownFileType = sourcecode.c.h; path = DataHandler.h; sourceTree = "<group>"; };
		757E7C63183E38C9008A6AC1 /* DataHandler.m */ = {isa = PBXFileReference; fileEncoding = 4; lastKnownFileType = sourcecode.c.objc; path = DataHandler.m; sourceTree = "<group>"; };
		757E7C66183E3B5C008A6AC1 /* Poll.h */ = {isa = PBXFileReference; fileEncoding = 4; lastKnownFileType = sourcecode.c.h; path = Poll.h; sourceTree = "<group>"; };
		757E7C67183E3B5C008A6AC1 /* Poll.m */ = {isa = PBXFileReference; fileEncoding = 4; lastKnownFileType = sourcecode.c.objc; path = Poll.m; sourceTree = "<group>"; };
		757E7C69183E3B63008A6AC1 /* Answer.h */ = {isa = PBXFileReference; fileEncoding = 4; lastKnownFileType = sourcecode.c.h; path = Answer.h; sourceTree = "<group>"; };
		757E7C6A183E3B63008A6AC1 /* Answer.m */ = {isa = PBXFileReference; fileEncoding = 4; lastKnownFileType = sourcecode.c.objc; path = Answer.m; sourceTree = "<group>"; };
		757E7C6D183E4406008A6AC1 /* TodaysPollQuesitonTableCell.h */ = {isa = PBXFileReference; fileEncoding = 4; lastKnownFileType = sourcecode.c.h; path = TodaysPollQuesitonTableCell.h; sourceTree = "<group>"; };
		757E7C6E183E4406008A6AC1 /* TodaysPollQuesitonTableCell.m */ = {isa = PBXFileReference; fileEncoding = 4; lastKnownFileType = sourcecode.c.objc; path = TodaysPollQuesitonTableCell.m; sourceTree = "<group>"; };
		757E7C73183E6B9B008A6AC1 /* OldPollQuesitonTableCell.h */ = {isa = PBXFileReference; fileEncoding = 4; lastKnownFileType = sourcecode.c.h; path = OldPollQuesitonTableCell.h; sourceTree = "<group>"; };
		757E7C74183E6B9B008A6AC1 /* OldPollQuesitonTableCell.m */ = {isa = PBXFileReference; fileEncoding = 4; lastKnownFileType = sourcecode.c.objc; path = OldPollQuesitonTableCell.m; sourceTree = "<group>"; };
		757E7C76183E6BD0008A6AC1 /* OldPollSlidingAnswerTableCell.h */ = {isa = PBXFileReference; fileEncoding = 4; lastKnownFileType = sourcecode.c.h; path = OldPollSlidingAnswerTableCell.h; sourceTree = "<group>"; };
		757E7C77183E6BD0008A6AC1 /* OldPollSlidingAnswerTableCell.m */ = {isa = PBXFileReference; fileEncoding = 4; lastKnownFileType = sourcecode.c.objc; path = OldPollSlidingAnswerTableCell.m; sourceTree = "<group>"; };
		758DDE15183EA55500A277CA /* FuturePollTableCell.h */ = {isa = PBXFileReference; fileEncoding = 4; lastKnownFileType = sourcecode.c.h; path = FuturePollTableCell.h; sourceTree = "<group>"; };
		758DDE16183EA55500A277CA /* FuturePollTableCell.m */ = {isa = PBXFileReference; fileEncoding = 4; lastKnownFileType = sourcecode.c.objc; path = FuturePollTableCell.m; sourceTree = "<group>"; };
		75AFE274183E050C00EF1506 /* Pollight.app */ = {isa = PBXFileReference; explicitFileType = wrapper.application; includeInIndex = 0; path = Pollight.app; sourceTree = BUILT_PRODUCTS_DIR; };
		75AFE277183E050C00EF1506 /* Foundation.framework */ = {isa = PBXFileReference; lastKnownFileType = wrapper.framework; name = Foundation.framework; path = System/Library/Frameworks/Foundation.framework; sourceTree = SDKROOT; };
		75AFE279183E050C00EF1506 /* CoreGraphics.framework */ = {isa = PBXFileReference; lastKnownFileType = wrapper.framework; name = CoreGraphics.framework; path = System/Library/Frameworks/CoreGraphics.framework; sourceTree = SDKROOT; };
		75AFE27B183E050C00EF1506 /* UIKit.framework */ = {isa = PBXFileReference; lastKnownFileType = wrapper.framework; name = UIKit.framework; path = System/Library/Frameworks/UIKit.framework; sourceTree = SDKROOT; };
		75AFE27F183E050C00EF1506 /* Pollight-Info.plist */ = {isa = PBXFileReference; lastKnownFileType = text.plist.xml; path = "Pollight-Info.plist"; sourceTree = "<group>"; };
		75AFE281183E050C00EF1506 /* en */ = {isa = PBXFileReference; lastKnownFileType = text.plist.strings; name = en; path = en.lproj/InfoPlist.strings; sourceTree = "<group>"; };
		75AFE283183E050C00EF1506 /* main.m */ = {isa = PBXFileReference; lastKnownFileType = sourcecode.c.objc; path = main.m; sourceTree = "<group>"; };
		75AFE285183E050C00EF1506 /* Pollight-Prefix.pch */ = {isa = PBXFileReference; lastKnownFileType = sourcecode.c.h; path = "Pollight-Prefix.pch"; sourceTree = "<group>"; };
		75AFE286183E050C00EF1506 /* AppDelegate.h */ = {isa = PBXFileReference; lastKnownFileType = sourcecode.c.h; path = AppDelegate.h; sourceTree = "<group>"; };
		75AFE287183E050C00EF1506 /* AppDelegate.m */ = {isa = PBXFileReference; lastKnownFileType = sourcecode.c.objc; path = AppDelegate.m; sourceTree = "<group>"; };
		75AFE28A183E050C00EF1506 /* Base */ = {isa = PBXFileReference; lastKnownFileType = file.storyboard; name = Base; path = Base.lproj/Main.storyboard; sourceTree = "<group>"; };
		75AFE28C183E050C00EF1506 /* PollightViewController.h */ = {isa = PBXFileReference; lastKnownFileType = sourcecode.c.h; path = PollightViewController.h; sourceTree = "<group>"; };
		75AFE28D183E050C00EF1506 /* PollightViewController.m */ = {isa = PBXFileReference; lastKnownFileType = sourcecode.c.objc; path = PollightViewController.m; sourceTree = "<group>"; };
		75AFE28F183E050C00EF1506 /* Images.xcassets */ = {isa = PBXFileReference; lastKnownFileType = folder.assetcatalog; path = Images.xcassets; sourceTree = "<group>"; };
		75AFE295183E050C00EF1506 /* PollightTests.xctest */ = {isa = PBXFileReference; explicitFileType = wrapper.cfbundle; includeInIndex = 0; path = PollightTests.xctest; sourceTree = BUILT_PRODUCTS_DIR; };
		75AFE296183E050C00EF1506 /* XCTest.framework */ = {isa = PBXFileReference; lastKnownFileType = wrapper.framework; name = XCTest.framework; path = Library/Frameworks/XCTest.framework; sourceTree = DEVELOPER_DIR; };
		75AFE29E183E050C00EF1506 /* PollightTests-Info.plist */ = {isa = PBXFileReference; lastKnownFileType = text.plist.xml; path = "PollightTests-Info.plist"; sourceTree = "<group>"; };
		75AFE2A0183E050C00EF1506 /* en */ = {isa = PBXFileReference; lastKnownFileType = text.plist.strings; name = en; path = en.lproj/InfoPlist.strings; sourceTree = "<group>"; };
		75AFE2A2183E050C00EF1506 /* PollightTests.m */ = {isa = PBXFileReference; lastKnownFileType = sourcecode.c.objc; path = PollightTests.m; sourceTree = "<group>"; };
/* End PBXFileReference section */

/* Begin PBXFrameworksBuildPhase section */
		75AFE271183E050C00EF1506 /* Frameworks */ = {
			isa = PBXFrameworksBuildPhase;
			buildActionMask = 2147483647;
			files = (
				75AFE27A183E050C00EF1506 /* CoreGraphics.framework in Frameworks */,
				75AFE27C183E050C00EF1506 /* UIKit.framework in Frameworks */,
				75AFE278183E050C00EF1506 /* Foundation.framework in Frameworks */,
			);
			runOnlyForDeploymentPostprocessing = 0;
		};
		75AFE292183E050C00EF1506 /* Frameworks */ = {
			isa = PBXFrameworksBuildPhase;
			buildActionMask = 2147483647;
			files = (
				75AFE297183E050C00EF1506 /* XCTest.framework in Frameworks */,
				75AFE299183E050C00EF1506 /* UIKit.framework in Frameworks */,
				75AFE298183E050C00EF1506 /* Foundation.framework in Frameworks */,
			);
			runOnlyForDeploymentPostprocessing = 0;
		};
/* End PBXFrameworksBuildPhase section */

/* Begin PBXGroup section */
		757E7C65183E38D3008A6AC1 /* slide table */ = {
			isa = PBXGroup;
			children = (
				757E7C5C183E1A45008A6AC1 /* SLPanningTableView.h */,
				757E7C5D183E1A45008A6AC1 /* SLPanningTableView.m */,
			);
			name = "slide table";
			sourceTree = "<group>";
		};
		757E7C6C183E3B6A008A6AC1 /* Data */ = {
			isa = PBXGroup;
			children = (
				757E7C62183E38C9008A6AC1 /* DataHandler.h */,
				757E7C63183E38C9008A6AC1 /* DataHandler.m */,
				757E7C66183E3B5C008A6AC1 /* Poll.h */,
				757E7C67183E3B5C008A6AC1 /* Poll.m */,
				757E7C69183E3B63008A6AC1 /* Answer.h */,
				757E7C6A183E3B63008A6AC1 /* Answer.m */,
			);
			name = Data;
			sourceTree = "<group>";
		};
		757E7C70183E440C008A6AC1 /* Today */ = {
			isa = PBXGroup;
			children = (
				757E7C53183E08BE008A6AC1 /* TodaysPollCell.h */,
				757E7C54183E08BE008A6AC1 /* TodaysPollCell.m */,
				757E7C6D183E4406008A6AC1 /* TodaysPollQuesitonTableCell.h */,
				757E7C6E183E4406008A6AC1 /* TodaysPollQuesitonTableCell.m */,
				757E7C5F183E1E78008A6AC1 /* TodaysPollSlidingAnswerTableCell.h */,
				757E7C60183E1E78008A6AC1 /* TodaysPollSlidingAnswerTableCell.m */,
			);
			name = Today;
			sourceTree = "<group>";
		};
		757E7C71183E4412008A6AC1 /* old */ = {
			isa = PBXGroup;
			children = (
				757E7C56183E148A008A6AC1 /* OldPollCell.h */,
				757E7C57183E148A008A6AC1 /* OldPollCell.m */,
				757E7C73183E6B9B008A6AC1 /* OldPollQuesitonTableCell.h */,
				757E7C74183E6B9B008A6AC1 /* OldPollQuesitonTableCell.m */,
				757E7C76183E6BD0008A6AC1 /* OldPollSlidingAnswerTableCell.h */,
				757E7C77183E6BD0008A6AC1 /* OldPollSlidingAnswerTableCell.m */,
			);
			name = old;
			sourceTree = "<group>";
		};
		757E7C72183E4416008A6AC1 /* future */ = {
			isa = PBXGroup;
			children = (
				757E7C59183E16BF008A6AC1 /* FuturePollCell.h */,
				757E7C5A183E16BF008A6AC1 /* FuturePollCell.m */,
				758DDE15183EA55500A277CA /* FuturePollTableCell.h */,
				758DDE16183EA55500A277CA /* FuturePollTableCell.m */,
			);
			name = future;
			sourceTree = "<group>";
		};
		75AFE26B183E050C00EF1506 = {
			isa = PBXGroup;
			children = (
				75AFE27D183E050C00EF1506 /* Pollight */,
				75AFE29C183E050C00EF1506 /* PollightTests */,
				75AFE276183E050C00EF1506 /* Frameworks */,
				75AFE275183E050C00EF1506 /* Products */,
			);
			sourceTree = "<group>";
		};
		75AFE275183E050C00EF1506 /* Products */ = {
			isa = PBXGroup;
			children = (
				75AFE274183E050C00EF1506 /* Pollight.app */,
				75AFE295183E050C00EF1506 /* PollightTests.xctest */,
			);
			name = Products;
			sourceTree = "<group>";
		};
		75AFE276183E050C00EF1506 /* Frameworks */ = {
			isa = PBXGroup;
			children = (
				75AFE277183E050C00EF1506 /* Foundation.framework */,
				75AFE279183E050C00EF1506 /* CoreGraphics.framework */,
				75AFE27B183E050C00EF1506 /* UIKit.framework */,
				75AFE296183E050C00EF1506 /* XCTest.framework */,
			);
			name = Frameworks;
			sourceTree = "<group>";
		};
		75AFE27D183E050C00EF1506 /* Pollight */ = {
			isa = PBXGroup;
			children = (
				75AFE286183E050C00EF1506 /* AppDelegate.h */,
				75AFE287183E050C00EF1506 /* AppDelegate.m */,
				75AFE289183E050C00EF1506 /* Main.storyboard */,
				75AFE28C183E050C00EF1506 /* PollightViewController.h */,
				75AFE28D183E050C00EF1506 /* PollightViewController.m */,
				757E7C70183E440C008A6AC1 /* Today */,
				757E7C71183E4412008A6AC1 /* old */,
				757E7C72183E4416008A6AC1 /* future */,
				757E7C65183E38D3008A6AC1 /* slide table */,
				757E7C6C183E3B6A008A6AC1 /* Data */,
				75AFE28F183E050C00EF1506 /* Images.xcassets */,
				75AFE27E183E050C00EF1506 /* Supporting Files */,
			);
			path = Pollight;
			sourceTree = "<group>";
		};
		75AFE27E183E050C00EF1506 /* Supporting Files */ = {
			isa = PBXGroup;
			children = (
				75AFE27F183E050C00EF1506 /* Pollight-Info.plist */,
				75AFE280183E050C00EF1506 /* InfoPlist.strings */,
				75AFE283183E050C00EF1506 /* main.m */,
				75AFE285183E050C00EF1506 /* Pollight-Prefix.pch */,
			);
			name = "Supporting Files";
			sourceTree = "<group>";
		};
		75AFE29C183E050C00EF1506 /* PollightTests */ = {
			isa = PBXGroup;
			children = (
				75AFE2A2183E050C00EF1506 /* PollightTests.m */,
				75AFE29D183E050C00EF1506 /* Supporting Files */,
			);
			path = PollightTests;
			sourceTree = "<group>";
		};
		75AFE29D183E050C00EF1506 /* Supporting Files */ = {
			isa = PBXGroup;
			children = (
				75AFE29E183E050C00EF1506 /* PollightTests-Info.plist */,
				75AFE29F183E050C00EF1506 /* InfoPlist.strings */,
			);
			name = "Supporting Files";
			sourceTree = "<group>";
		};
/* End PBXGroup section */

/* Begin PBXNativeTarget section */
		75AFE273183E050C00EF1506 /* Pollight */ = {
			isa = PBXNativeTarget;
			buildConfigurationList = 75AFE2A6183E050C00EF1506 /* Build configuration list for PBXNativeTarget "Pollight" */;
			buildPhases = (
				75AFE270183E050C00EF1506 /* Sources */,
				75AFE271183E050C00EF1506 /* Frameworks */,
				75AFE272183E050C00EF1506 /* Resources */,
			);
			buildRules = (
			);
			dependencies = (
			);
			name = Pollight;
			productName = Pollight;
			productReference = 75AFE274183E050C00EF1506 /* Pollight.app */;
			productType = "com.apple.product-type.application";
		};
		75AFE294183E050C00EF1506 /* PollightTests */ = {
			isa = PBXNativeTarget;
			buildConfigurationList = 75AFE2A9183E050C00EF1506 /* Build configuration list for PBXNativeTarget "PollightTests" */;
			buildPhases = (
				75AFE291183E050C00EF1506 /* Sources */,
				75AFE292183E050C00EF1506 /* Frameworks */,
				75AFE293183E050C00EF1506 /* Resources */,
			);
			buildRules = (
			);
			dependencies = (
				75AFE29B183E050C00EF1506 /* PBXTargetDependency */,
			);
			name = PollightTests;
			productName = PollightTests;
			productReference = 75AFE295183E050C00EF1506 /* PollightTests.xctest */;
			productType = "com.apple.product-type.bundle.unit-test";
		};
/* End PBXNativeTarget section */

/* Begin PBXProject section */
		75AFE26C183E050C00EF1506 /* Project object */ = {
			isa = PBXProject;
			attributes = {
				LastUpgradeCheck = 0500;
				ORGANIZATIONNAME = "amir hayek";
				TargetAttributes = {
					75AFE294183E050C00EF1506 = {
						TestTargetID = 75AFE273183E050C00EF1506;
					};
				};
			};
			buildConfigurationList = 75AFE26F183E050C00EF1506 /* Build configuration list for PBXProject "Pollight" */;
			compatibilityVersion = "Xcode 3.2";
			developmentRegion = English;
			hasScannedForEncodings = 0;
			knownRegions = (
				en,
				Base,
			);
			mainGroup = 75AFE26B183E050C00EF1506;
			productRefGroup = 75AFE275183E050C00EF1506 /* Products */;
			projectDirPath = "";
			projectRoot = "";
			targets = (
				75AFE273183E050C00EF1506 /* Pollight */,
				75AFE294183E050C00EF1506 /* PollightTests */,
			);
		};
/* End PBXProject section */

/* Begin PBXResourcesBuildPhase section */
		75AFE272183E050C00EF1506 /* Resources */ = {
			isa = PBXResourcesBuildPhase;
			buildActionMask = 2147483647;
			files = (
				75AFE290183E050C00EF1506 /* Images.xcassets in Resources */,
				75AFE282183E050C00EF1506 /* InfoPlist.strings in Resources */,
				75AFE28B183E050C00EF1506 /* Main.storyboard in Resources */,
			);
			runOnlyForDeploymentPostprocessing = 0;
		};
		75AFE293183E050C00EF1506 /* Resources */ = {
			isa = PBXResourcesBuildPhase;
			buildActionMask = 2147483647;
			files = (
				75AFE2A1183E050C00EF1506 /* InfoPlist.strings in Resources */,
			);
			runOnlyForDeploymentPostprocessing = 0;
		};
/* End PBXResourcesBuildPhase section */

/* Begin PBXSourcesBuildPhase section */
		75AFE270183E050C00EF1506 /* Sources */ = {
			isa = PBXSourcesBuildPhase;
			buildActionMask = 2147483647;
			files = (
				757E7C68183E3B5C008A6AC1 /* Poll.m in Sources */,
				757E7C61183E1E78008A6AC1 /* TodaysPollSlidingAnswerTableCell.m in Sources */,
				75AFE28E183E050C00EF1506 /* PollightViewController.m in Sources */,
				757E7C64183E38C9008A6AC1 /* DataHandler.m in Sources */,
				757E7C78183E6BD0008A6AC1 /* OldPollSlidingAnswerTableCell.m in Sources */,
				757E7C5B183E16BF008A6AC1 /* FuturePollCell.m in Sources */,
				757E7C5E183E1A45008A6AC1 /* SLPanningTableView.m in Sources */,
				757E7C6B183E3B63008A6AC1 /* Answer.m in Sources */,
				757E7C6F183E4406008A6AC1 /* TodaysPollQuesitonTableCell.m in Sources */,
				75AFE288183E050C00EF1506 /* AppDelegate.m in Sources */,
				757E7C75183E6B9B008A6AC1 /* OldPollQuesitonTableCell.m in Sources */,
				758DDE17183EA55500A277CA /* FuturePollTableCell.m in Sources */,
				757E7C55183E08BE008A6AC1 /* TodaysPollCell.m in Sources */,
				75AFE284183E050C00EF1506 /* main.m in Sources */,
				757E7C58183E148A008A6AC1 /* OldPollCell.m in Sources */,
			);
			runOnlyForDeploymentPostprocessing = 0;
		};
		75AFE291183E050C00EF1506 /* Sources */ = {
			isa = PBXSourcesBuildPhase;
			buildActionMask = 2147483647;
			files = (
				75AFE2A3183E050C00EF1506 /* PollightTests.m in Sources */,
			);
			runOnlyForDeploymentPostprocessing = 0;
		};
/* End PBXSourcesBuildPhase section */

/* Begin PBXTargetDependency section */
		75AFE29B183E050C00EF1506 /* PBXTargetDependency */ = {
			isa = PBXTargetDependency;
			target = 75AFE273183E050C00EF1506 /* Pollight */;
			targetProxy = 75AFE29A183E050C00EF1506 /* PBXContainerItemProxy */;
		};
/* End PBXTargetDependency section */

/* Begin PBXVariantGroup section */
		75AFE280183E050C00EF1506 /* InfoPlist.strings */ = {
			isa = PBXVariantGroup;
			children = (
				75AFE281183E050C00EF1506 /* en */,
			);
			name = InfoPlist.strings;
			sourceTree = "<group>";
		};
		75AFE289183E050C00EF1506 /* Main.storyboard */ = {
			isa = PBXVariantGroup;
			children = (
				75AFE28A183E050C00EF1506 /* Base */,
			);
			name = Main.storyboard;
			sourceTree = "<group>";
		};
		75AFE29F183E050C00EF1506 /* InfoPlist.strings */ = {
			isa = PBXVariantGroup;
			children = (
				75AFE2A0183E050C00EF1506 /* en */,
			);
			name = InfoPlist.strings;
			sourceTree = "<group>";
		};
/* End PBXVariantGroup section */

/* Begin XCBuildConfiguration section */
		75AFE2A4183E050C00EF1506 /* Debug */ = {
			isa = XCBuildConfiguration;
			buildSettings = {
				ALWAYS_SEARCH_USER_PATHS = NO;
				ARCHS = "$(ARCHS_STANDARD_INCLUDING_64_BIT)";
				CLANG_CXX_LANGUAGE_STANDARD = "gnu++0x";
				CLANG_CXX_LIBRARY = "libc++";
				CLANG_ENABLE_MODULES = YES;
				CLANG_ENABLE_OBJC_ARC = YES;
				CLANG_WARN_BOOL_CONVERSION = YES;
				CLANG_WARN_CONSTANT_CONVERSION = YES;
				CLANG_WARN_DIRECT_OBJC_ISA_USAGE = YES_ERROR;
				CLANG_WARN_EMPTY_BODY = YES;
				CLANG_WARN_ENUM_CONVERSION = YES;
				CLANG_WARN_INT_CONVERSION = YES;
				CLANG_WARN_OBJC_ROOT_CLASS = YES_ERROR;
				CLANG_WARN__DUPLICATE_METHOD_MATCH = YES;
				"CODE_SIGN_IDENTITY[sdk=iphoneos*]" = "iPhone Developer";
				COPY_PHASE_STRIP = NO;
				GCC_C_LANGUAGE_STANDARD = gnu99;
				GCC_DYNAMIC_NO_PIC = NO;
				GCC_OPTIMIZATION_LEVEL = 0;
				GCC_PREPROCESSOR_DEFINITIONS = (
					"DEBUG=1",
					"$(inherited)",
				);
				GCC_SYMBOLS_PRIVATE_EXTERN = NO;
				GCC_WARN_64_TO_32_BIT_CONVERSION = YES;
				GCC_WARN_ABOUT_RETURN_TYPE = YES_ERROR;
				GCC_WARN_UNDECLARED_SELECTOR = YES;
				GCC_WARN_UNINITIALIZED_AUTOS = YES;
				GCC_WARN_UNUSED_FUNCTION = YES;
				GCC_WARN_UNUSED_VARIABLE = YES;
				IPHONEOS_DEPLOYMENT_TARGET = 7.0;
				ONLY_ACTIVE_ARCH = YES;
				SDKROOT = iphoneos;
			};
			name = Debug;
		};
		75AFE2A5183E050C00EF1506 /* Release */ = {
			isa = XCBuildConfiguration;
			buildSettings = {
				ALWAYS_SEARCH_USER_PATHS = NO;
				ARCHS = "$(ARCHS_STANDARD_INCLUDING_64_BIT)";
				CLANG_CXX_LANGUAGE_STANDARD = "gnu++0x";
				CLANG_CXX_LIBRARY = "libc++";
				CLANG_ENABLE_MODULES = YES;
				CLANG_ENABLE_OBJC_ARC = YES;
				CLANG_WARN_BOOL_CONVERSION = YES;
				CLANG_WARN_CONSTANT_CONVERSION = YES;
				CLANG_WARN_DIRECT_OBJC_ISA_USAGE = YES_ERROR;
				CLANG_WARN_EMPTY_BODY = YES;
				CLANG_WARN_ENUM_CONVERSION = YES;
				CLANG_WARN_INT_CONVERSION = YES;
				CLANG_WARN_OBJC_ROOT_CLASS = YES_ERROR;
				CLANG_WARN__DUPLICATE_METHOD_MATCH = YES;
				"CODE_SIGN_IDENTITY[sdk=iphoneos*]" = "iPhone Developer";
				COPY_PHASE_STRIP = YES;
				ENABLE_NS_ASSERTIONS = NO;
				GCC_C_LANGUAGE_STANDARD = gnu99;
				GCC_WARN_64_TO_32_BIT_CONVERSION = YES;
				GCC_WARN_ABOUT_RETURN_TYPE = YES_ERROR;
				GCC_WARN_UNDECLARED_SELECTOR = YES;
				GCC_WARN_UNINITIALIZED_AUTOS = YES;
				GCC_WARN_UNUSED_FUNCTION = YES;
				GCC_WARN_UNUSED_VARIABLE = YES;
				IPHONEOS_DEPLOYMENT_TARGET = 7.0;
				SDKROOT = iphoneos;
				VALIDATE_PRODUCT = YES;
			};
			name = Release;
		};
		75AFE2A7183E050C00EF1506 /* Debug */ = {
			isa = XCBuildConfiguration;
			buildSettings = {
				ASSETCATALOG_COMPILER_APPICON_NAME = AppIcon;
				ASSETCATALOG_COMPILER_LAUNCHIMAGE_NAME = LaunchImage;
				GCC_PRECOMPILE_PREFIX_HEADER = YES;
				GCC_PREFIX_HEADER = "Pollight/Pollight-Prefix.pch";
				INFOPLIST_FILE = "Pollight/Pollight-Info.plist";
				PRODUCT_NAME = "$(TARGET_NAME)";
				WRAPPER_EXTENSION = app;
			};
			name = Debug;
		};
		75AFE2A8183E050C00EF1506 /* Release */ = {
			isa = XCBuildConfiguration;
			buildSettings = {
				ASSETCATALOG_COMPILER_APPICON_NAME = AppIcon;
				ASSETCATALOG_COMPILER_LAUNCHIMAGE_NAME = LaunchImage;
				GCC_PRECOMPILE_PREFIX_HEADER = YES;
				GCC_PREFIX_HEADER = "Pollight/Pollight-Prefix.pch";
				INFOPLIST_FILE = "Pollight/Pollight-Info.plist";
				PRODUCT_NAME = "$(TARGET_NAME)";
				WRAPPER_EXTENSION = app;
			};
			name = Release;
		};
		75AFE2AA183E050C00EF1506 /* Debug */ = {
			isa = XCBuildConfiguration;
			buildSettings = {
				ARCHS = "$(ARCHS_STANDARD_INCLUDING_64_BIT)";
				BUNDLE_LOADER = "$(BUILT_PRODUCTS_DIR)/Pollight.app/Pollight";
				FRAMEWORK_SEARCH_PATHS = (
					"$(SDKROOT)/Developer/Library/Frameworks",
					"$(inherited)",
					"$(DEVELOPER_FRAMEWORKS_DIR)",
				);
				GCC_PRECOMPILE_PREFIX_HEADER = YES;
				GCC_PREFIX_HEADER = "Pollight/Pollight-Prefix.pch";
				GCC_PREPROCESSOR_DEFINITIONS = (
					"DEBUG=1",
					"$(inherited)",
				);
				INFOPLIST_FILE = "PollightTests/PollightTests-Info.plist";
				PRODUCT_NAME = "$(TARGET_NAME)";
				TEST_HOST = "$(BUNDLE_LOADER)";
				WRAPPER_EXTENSION = xctest;
			};
			name = Debug;
		};
		75AFE2AB183E050C00EF1506 /* Release */ = {
			isa = XCBuildConfiguration;
			buildSettings = {
				ARCHS = "$(ARCHS_STANDARD_INCLUDING_64_BIT)";
				BUNDLE_LOADER = "$(BUILT_PRODUCTS_DIR)/Pollight.app/Pollight";
				FRAMEWORK_SEARCH_PATHS = (
					"$(SDKROOT)/Developer/Library/Frameworks",
					"$(inherited)",
					"$(DEVELOPER_FRAMEWORKS_DIR)",
				);
				GCC_PRECOMPILE_PREFIX_HEADER = YES;
				GCC_PREFIX_HEADER = "Pollight/Pollight-Prefix.pch";
				INFOPLIST_FILE = "PollightTests/PollightTests-Info.plist";
				PRODUCT_NAME = "$(TARGET_NAME)";
				TEST_HOST = "$(BUNDLE_LOADER)";
				WRAPPER_EXTENSION = xctest;
			};
			name = Release;
		};
/* End XCBuildConfiguration section */

/* Begin XCConfigurationList section */
		75AFE26F183E050C00EF1506 /* Build configuration list for PBXProject "Pollight" */ = {
			isa = XCConfigurationList;
			buildConfigurations = (
				75AFE2A4183E050C00EF1506 /* Debug */,
				75AFE2A5183E050C00EF1506 /* Release */,
			);
			defaultConfigurationIsVisible = 0;
			defaultConfigurationName = Release;
		};
		75AFE2A6183E050C00EF1506 /* Build configuration list for PBXNativeTarget "Pollight" */ = {
			isa = XCConfigurationList;
			buildConfigurations = (
				75AFE2A7183E050C00EF1506 /* Debug */,
				75AFE2A8183E050C00EF1506 /* Release */,
			);
			defaultConfigurationIsVisible = 0;
			defaultConfigurationName = Release;
		};
		75AFE2A9183E050C00EF1506 /* Build configuration list for PBXNativeTarget "PollightTests" */ = {
			isa = XCConfigurationList;
			buildConfigurations = (
				75AFE2AA183E050C00EF1506 /* Debug */,
				75AFE2AB183E050C00EF1506 /* Release */,
			);
			defaultConfigurationIsVisible = 0;
			defaultConfigurationName = Release;
		};
/* End XCConfigurationList section */
	};
	rootObject = 75AFE26C183E050C00EF1506 /* Project object */;
}
